
Microsoft Visual Studio Solution File, Format Version 12.00
# Visual Studio Version 17
VisualStudioVersion = 17.8.34330.188
MinimumVisualStudioVersion = 10.0.40219.1
Project("{FAE04EC0-301F-11D3-BF4B-00C04F79EFBC}") = "Count_LABAAAA", "Count_LABAAAA\Count_LABAAAA.csproj", "{10B422BF-741F-4F97-8D99-0E5888C27FAE}"
EndProject
Global
	GlobalSection(SolutionConfigurationPlatforms) = preSolution
		Debug|Any CPU = Debug|Any CPU
		Release|Any CPU = Release|Any CPU
	EndGlobalSection
	GlobalSection(ProjectConfigurationPlatforms) = postSolution
		{10B422BF-741F-4F97-8D99-0E5888C27FAE}.Debug|Any CPU.ActiveCfg = Debug|Any CPU
		{10B422BF-741F-4F97-8D99-0E5888C27FAE}.Debug|Any CPU.Build.0 = Debug|Any CPU
		{10B422BF-741F-4F97-8D99-0E5888C27FAE}.Release|Any CPU.ActiveCfg = Release|Any CPU
		{10B422BF-741F-4F97-8D99-0E5888C27FAE}.Release|Any CPU.Build.0 = Release|Any CPU
	EndGlobalSection
	GlobalSection(SolutionProperties) = preSolution
		HideSolutionNode = FALSE
	EndGlobalSection
	GlobalSection(ExtensibilityGlobals) = postSolution
		SolutionGuid = {24452B98-B37E-47F9-AFEB-D1A02411F16B}
	EndGlobalSection
EndGlobal
